
Microsoft Visual Studio Solution File, Format Version 12.00
# Visual Studio Version 18
VisualStudioVersion = 18.4.11605.240 stable
MinimumVisualStudioVersion = 10.0.40219.1
Project("{FAE04EC0-301F-11D3-BF4B-00C04F79EFBC}") = "CafeBooking.Web", "CafeBooking.Web.csproj", "{12E7CDF2-6221-B31E-B407-1625B224CFFC}"
EndProject
Global
	GlobalSection(SolutionConfigurationPlatforms) = preSolution
		Debug|Any CPU = Debug|Any CPU
		Release|Any CPU = Release|Any CPU
	EndGlobalSection
	GlobalSection(ProjectConfigurationPlatforms) = postSolution
		{12E7CDF2-6221-B31E-B407-1625B224CFFC}.Debug|Any CPU.ActiveCfg = Debug|Any CPU
		{12E7CDF2-6221-B31E-B407-1625B224CFFC}.Debug|Any CPU.Build.0 = Debug|Any CPU
		{12E7CDF2-6221-B31E-B407-1625B224CFFC}.Release|Any CPU.ActiveCfg = Release|Any CPU
		{12E7CDF2-6221-B31E-B407-1625B224CFFC}.Release|Any CPU.Build.0 = Release|Any CPU
	EndGlobalSection
	GlobalSection(SolutionProperties) = preSolution
		HideSolutionNode = FALSE
	EndGlobalSection
	GlobalSection(ExtensibilityGlobals) = postSolution
		SolutionGuid = {C7282BF9-F779-4AAB-9230-ACD6CB2BA906}
	EndGlobalSection
EndGlobal
